
Microsoft Visual Studio Solution File, Format Version 12.00
# Visual Studio Version 17
VisualStudioVersion = 17.2.32616.157
MinimumVisualStudioVersion = 10.0.40219.1
Project("{FAE04EC0-301F-11D3-BF4B-00C04F79EFBC}") = "Delegate", "Delegate.csproj", "{EB5853B0-3628-447F-AD88-BA7B7C1FB108}"
EndProject
Global
	GlobalSection(SolutionConfigurationPlatforms) = preSolution
		Debug|Any CPU = Debug|Any CPU
		Release|Any CPU = Release|Any CPU
	EndGlobalSection
	GlobalSection(ProjectConfigurationPlatforms) = postSolution
		{EB5853B0-3628-447F-AD88-BA7B7C1FB108}.Debug|Any CPU.ActiveCfg = Debug|Any CPU
		{EB5853B0-3628-447F-AD88-BA7B7C1FB108}.Debug|Any CPU.Build.0 = Debug|Any CPU
		{EB5853B0-3628-447F-AD88-BA7B7C1FB108}.Release|Any CPU.ActiveCfg = Release|Any CPU
		{EB5853B0-3628-447F-AD88-BA7B7C1FB108}.Release|Any CPU.Build.0 = Release|Any CPU
	EndGlobalSection
	GlobalSection(SolutionProperties) = preSolution
		HideSolutionNode = FALSE
	EndGlobalSection
	GlobalSection(ExtensibilityGlobals) = postSolution
		SolutionGuid = {D839DA99-E988-4AEB-92A2-1EAA01E821D0}
	EndGlobalSection
EndGlobal
